dependencies:
- name: postgresql
  repository: https://charts.bitnami.com/bitnami
  version: 9.8.11
- name: redis
  repository: https://charts.bitnami.com/bitnami
  version: 11.3.4
- name: result
  repository: file://local-charts/result
  version: 0.0.2
- name: vote
  repository: file://local-charts/vote
  version: 5.0.0
- name: worker
  repository: file://local-charts/worker
  version: 0.0.2
digest: sha256:05ee24637c09d6d3fb026bd555ac1f2635404b07aff89c106124077867e03e1e
generated: "2021-08-04T14:33:54.280894-07:00"
